{
  "name": "tiqa",
  "version": "0.0.1",
  "lockfileVersion": 1,
  "requires": true,
  "dependencies": {
    "dompurify": {
      "version": "1.0.3",
      "resolved": "https://registry.npmjs.org/dompurify/-/dompurify-1.0.3.tgz",
      "integrity": "sha512-7dks9EA59zmQ9UBH7QJmGCHNxGJ7chzB5RJObT+h/TGBDtp4pTgunOeT0NidTA5MAq22muWrW3XfqtpvIsoSmw=="
    }
  }
}
